
Microsoft Visual Studio Solution File, Format Version 12.00
# Visual Studio Version 17
VisualStudioVersion = 17.2.32516.85
MinimumVisualStudioVersion = 10.0.40219.1
Project("{FAE04EC0-301F-11D3-BF4B-00C04F79EFBC}") = "Fileprocessing project", "Fileprocessing project\Fileprocessing project.csproj", "{64797FD8-BF2D-41C9-9D07-60D6F4EABDC8}"
EndProject
Global
	GlobalSection(SolutionConfigurationPlatforms) = preSolution
		Debug|Any CPU = Debug|Any CPU
		Release|Any CPU = Release|Any CPU
	EndGlobalSection
	GlobalSection(ProjectConfigurationPlatforms) = postSolution
		{64797FD8-BF2D-41C9-9D07-60D6F4EABDC8}.Debug|Any CPU.ActiveCfg = Debug|Any CPU
		{64797FD8-BF2D-41C9-9D07-60D6F4EABDC8}.Debug|Any CPU.Build.0 = Debug|Any CPU
		{64797FD8-BF2D-41C9-9D07-60D6F4EABDC8}.Release|Any CPU.ActiveCfg = Release|Any CPU
		{64797FD8-BF2D-41C9-9D07-60D6F4EABDC8}.Release|Any CPU.Build.0 = Release|Any CPU
	EndGlobalSection
	GlobalSection(SolutionProperties) = preSolution
		HideSolutionNode = FALSE
	EndGlobalSection
	GlobalSection(ExtensibilityGlobals) = postSolution
		SolutionGuid = {A53BC9A1-4691-484D-ABB1-4F964280FCBE}
	EndGlobalSection
EndGlobal
